// !$*UTF8*$!
{
	archiveVersion = 1;
	classes = {
	};
	objectVersion = 56;
	objects = {

/* Begin PBXBuildFile section */
		12C59F4528D83FD100B3C9DC /* DemoApp.swift in Sources */ = {isa = PBXBuildFile; fileRef = 12C59F4428D83FD100B3C9DC /* DemoApp.swift */; };
		12C59F4728D83FD100B3C9DC /* ContentView.swift in Sources */ = {isa = PBXBuildFile; fileRef = 12C59F4628D83FD100B3C9DC /* ContentView.swift */; };
		12C59F4928D83FD200B3C9DC /* Assets.xcassets in Resources */ = {isa = PBXBuildFile; fileRef = 12C59F4828D83FD200B3C9DC /* Assets.xcassets */; };
		12C59F4C28D83FD200B3C9DC /* Preview Assets.xcassets in Resources */ = {isa = PBXBuildFile; fileRef = 12C59F4B28D83FD200B3C9DC /* Preview Assets.xcassets */; };
		12C59F5628D83FD200B3C9DC /* DemoTests.swift in Sources */ = {isa = PBXBuildFile; fileRef = 12C59F5528D83FD200B3C9DC /* DemoTests.swift */; };
		12C59F6028D83FD200B3C9DC /* DemoUITests.swift in Sources */ = {isa = PBXBuildFile; fileRef = 12C59F5F28D83FD200B3C9DC /* DemoUITests.swift */; };
		12C59F6228D83FD200B3C9DC /* DemoUITestsLaunchTests.swift in Sources */ = {isa = PBXBuildFile; fileRef = 12C59F6128D83FD200B3C9DC /* DemoUITestsLaunchTests.swift */; };
		12C59F7028D8405C00B3C9DC /* CalendarUI in Frameworks */ = {isa = PBXBuildFile; productRef = 12C59F6F28D8405C00B3C9DC /* CalendarUI */; };
/* End PBXBuildFile section */

/* Begin PBXContainerItemProxy section */
		12C59F5228D83FD200B3C9DC /* PBXContainerItemProxy */ = {
			isa = PBXContainerItemProxy;
			containerPortal = 12C59F3928D83FD100B3C9DC /* Project object */;
			proxyType = 1;
			remoteGlobalIDString = 12C59F4028D83FD100B3C9DC;
			remoteInfo = Demo;
		};
		12C59F5C28D83FD200B3C9DC /* PBXContainerItemProxy */ = {
			isa = PBXContainerItemProxy;
			containerPortal = 12C59F3928D83FD100B3C9DC /* Project object */;
			proxyType = 1;
			remoteGlobalIDString = 12C59F4028D83FD100B3C9DC;
			remoteInfo = Demo;
		};
/* End PBXContainerItemProxy section */

/* Begin PBXFileReference section */
		12C59F4128D83FD100B3C9DC /* Demo.app */ = {isa = PBXFileReference; explicitFileType = wrapper.application; includeInIndex = 0; path = Demo.app; sourceTree = BUILT_PRODUCTS_DIR; };
		12C59F4428D83FD100B3C9DC /* DemoApp.swift */ = {isa = PBXFileReference; lastKnownFileType = sourcecode.swift; path = DemoApp.swift; sourceTree = "<group>"; };
		12C59F4628D83FD100B3C9DC /* ContentView.swift */ = {isa = PBXFileReference; lastKnownFileType = sourcecode.swift; path = ContentView.swift; sourceTree = "<group>"; };
		12C59F4828D83FD200B3C9DC /* Assets.xcassets */ = {isa = PBXFileReference; lastKnownFileType = folder.assetcatalog; path = Assets.xcassets; sourceTree = "<group>"; };
		12C59F4B28D83FD200B3C9DC /* Preview Assets.xcassets */ = {isa = PBXFileReference; lastKnownFileType = folder.assetcatalog; path = "Preview Assets.xcassets"; sourceTree = "<group>"; };
		12C59F5128D83FD200B3C9DC /* DemoTests.xctest */ = {isa = PBXFileReference; explicitFileType = wrapper.cfbundle; includeInIndex = 0; path = DemoTests.xctest; sourceTree = BUILT_PRODUCTS_DIR; };
		12C59F5528D83FD200B3C9DC /* DemoTests.swift */ = {isa = PBXFileReference; lastKnownFileType = sourcecode.swift; path = DemoTests.swift; sourceTree = "<group>"; };
		12C59F5B28D83FD200B3C9DC /* DemoUITests.xctest */ = {isa = PBXFileReference; explicitFileType = wrapper.cfbundle; includeInIndex = 0; path = DemoUITests.xctest; sourceTree = BUILT_PRODUCTS_DIR; };
		12C59F5F28D83FD200B3C9DC /* DemoUITests.swift */ = {isa = PBXFileReference; lastKnownFileType = sourcecode.swift; path = DemoUITests.swift; sourceTree = "<group>"; };
		12C59F6128D83FD200B3C9DC /* DemoUITestsLaunchTests.swift */ = {isa = PBXFileReference; lastKnownFileType = sourcecode.swift; path = DemoUITestsLaunchTests.swift; sourceTree = "<group>"; };
/* End PBXFileReference section */

/* Begin PBXFrameworksBuildPhase section */
		12C59F3E28D83FD100B3C9DC /* Frameworks */ = {
			isa = PBXFrameworksBuildPhase;
			buildActionMask = 2147483647;
			files = (
				12C59F7028D8405C00B3C9DC /* CalendarUI in Frameworks */,
			);
			runOnlyForDeploymentPostprocessing = 0;
		};
		12C59F4E28D83FD200B3C9DC /* Frameworks */ = {
			isa = PBXFrameworksBuildPhase;
			buildActionMask = 2147483647;
			files = (
			);
			runOnlyForDeploymentPostprocessing = 0;
		};
		12C59F5828D83FD200B3C9DC /* Frameworks */ = {
			isa = PBXFrameworksBuildPhase;
			buildActionMask = 2147483647;
			files = (
			);
			runOnlyForDeploymentPostprocessing = 0;
		};
/* End PBXFrameworksBuildPhase section */

/* Begin PBXGroup section */
		12C59F3828D83FD100B3C9DC = {
			isa = PBXGroup;
			children = (
				12C59F4328D83FD100B3C9DC /* Demo */,
				12C59F5428D83FD200B3C9DC /* DemoTests */,
				12C59F5E28D83FD200B3C9DC /* DemoUITests */,
				12C59F4228D83FD100B3C9DC /* Products */,
				12C59F6E28D8405C00B3C9DC /* Frameworks */,
			);
			sourceTree = "<group>";
		};
		12C59F4228D83FD100B3C9DC /* Products */ = {
			isa = PBXGroup;
			children = (
				12C59F4128D83FD100B3C9DC /* Demo.app */,
				12C59F5128D83FD200B3C9DC /* DemoTests.xctest */,
				12C59F5B28D83FD200B3C9DC /* DemoUITests.xctest */,
			);
			name = Products;
			sourceTree = "<group>";
		};
		12C59F4328D83FD100B3C9DC /* Demo */ = {
			isa = PBXGroup;
			children = (
				12C59F4428D83FD100B3C9DC /* DemoApp.swift */,
				12C59F4628D83FD100B3C9DC /* ContentView.swift */,
				12C59F4828D83FD200B3C9DC /* Assets.xcassets */,
				12C59F4A28D83FD200B3C9DC /* Preview Content */,
			);
			path = Demo;
			sourceTree = "<group>";
		};
		12C59F4A28D83FD200B3C9DC /* Preview Content */ = {
			isa = PBXGroup;
			children = (
				12C59F4B28D83FD200B3C9DC /* Preview Assets.xcassets */,
			);
			path = "Preview Content";
			sourceTree = "<group>";
		};
		12C59F5428D83FD200B3C9DC /* DemoTests */ = {
			isa = PBXGroup;
			children = (
				12C59F5528D83FD200B3C9DC /* DemoTests.swift */,
			);
			path = DemoTests;
			sourceTree = "<group>";
		};
		12C59F5E28D83FD200B3C9DC /* DemoUITests */ = {
			isa = PBXGroup;
			children = (
				12C59F5F28D83FD200B3C9DC /* DemoUITests.swift */,
				12C59F6128D83FD200B3C9DC /* DemoUITestsLaunchTests.swift */,
			);
			path = DemoUITests;
			sourceTree = "<group>";
		};
		12C59F6E28D8405C00B3C9DC /* Frameworks */ = {
			isa = PBXGroup;
			children = (
			);
			name = Frameworks;
			sourceTree = "<group>";
		};
/* End PBXGroup section */

/* Begin PBXNativeTarget section */
		12C59F4028D83FD100B3C9DC /* Demo */ = {
			isa = PBXNativeTarget;
			buildConfigurationList = 12C59F6528D83FD200B3C9DC /* Build configuration list for PBXNativeTarget "Demo" */;
			buildPhases = (
				12C59F3D28D83FD100B3C9DC /* Sources */,
				12C59F3E28D83FD100B3C9DC /* Frameworks */,
				12C59F3F28D83FD100B3C9DC /* Resources */,
			);
			buildRules = (
			);
			dependencies = (
			);
			name = Demo;
			packageProductDependencies = (
				12C59F6F28D8405C00B3C9DC /* CalendarUI */,
			);
			productName = Demo;
			productReference = 12C59F4128D83FD100B3C9DC /* Demo.app */;
			productType = "com.apple.product-type.application";
		};
		12C59F5028D83FD200B3C9DC /* DemoTests */ = {
			isa = PBXNativeTarget;
			buildConfigurationList = 12C59F6828D83FD200B3C9DC /* Build configuration list for PBXNativeTarget "DemoTests" */;
			buildPhases = (
				12C59F4D28D83FD200B3C9DC /* Sources */,
				12C59F4E28D83FD200B3C9DC /* Frameworks */,
				12C59F4F28D83FD200B3C9DC /* Resources */,
			);
			buildRules = (
			);
			dependencies = (
				12C59F5328D83FD200B3C9DC /* PBXTargetDependency */,
			);
			name = DemoTests;
			productName = DemoTests;
			productReference = 12C59F5128D83FD200B3C9DC /* DemoTests.xctest */;
			productType = "com.apple.product-type.bundle.unit-test";
		};
		12C59F5A28D83FD200B3C9DC /* DemoUITests */ = {
			isa = PBXNativeTarget;
			buildConfigurationList = 12C59F6B28D83FD200B3C9DC /* Build configuration list for PBXNativeTarget "DemoUITests" */;
			buildPhases = (
				12C59F5728D83FD200B3C9DC /* Sources */,
				12C59F5828D83FD200B3C9DC /* Frameworks */,
				12C59F5928D83FD200B3C9DC /* Resources */,
			);
			buildRules = (
			);
			dependencies = (
				12C59F5D28D83FD200B3C9DC /* PBXTargetDependency */,
			);
			name = DemoUITests;
			productName = DemoUITests;
			productReference = 12C59F5B28D83FD200B3C9DC /* DemoUITests.xctest */;
			productType = "com.apple.product-type.bundle.ui-testing";
		};
/* End PBXNativeTarget section */

/* Begin PBXProject section */
		12C59F3928D83FD100B3C9DC /* Project object */ = {
			isa = PBXProject;
			attributes = {
				BuildIndependentTargetsInParallel = 1;
				LastSwiftUpdateCheck = 1400;
				LastUpgradeCheck = 1400;
				TargetAttributes = {
					12C59F4028D83FD100B3C9DC = {
						CreatedOnToolsVersion = 14.0;
					};
					12C59F5028D83FD200B3C9DC = {
						CreatedOnToolsVersion = 14.0;
						TestTargetID = 12C59F4028D83FD100B3C9DC;
					};
					12C59F5A28D83FD200B3C9DC = {
						CreatedOnToolsVersion = 14.0;
						TestTargetID = 12C59F4028D83FD100B3C9DC;
					};
				};
			};
			buildConfigurationList = 12C59F3C28D83FD100B3C9DC /* Build configuration list for PBXProject "Demo" */;
			compatibilityVersion = "Xcode 14.0";
			developmentRegion = en;
			hasScannedForEncodings = 0;
			knownRegions = (
				en,
				Base,
			);
			mainGroup = 12C59F3828D83FD100B3C9DC;
			productRefGroup = 12C59F4228D83FD100B3C9DC /* Products */;
			projectDirPath = "";
			projectRoot = "";
			targets = (
				12C59F4028D83FD100B3C9DC /* Demo */,
				12C59F5028D83FD200B3C9DC /* DemoTests */,
				12C59F5A28D83FD200B3C9DC /* DemoUITests */,
			);
		};
/* End PBXProject section */

/* Begin PBXResourcesBuildPhase section */
		12C59F3F28D83FD100B3C9DC /* Resources */ = {
			isa = PBXResourcesBuildPhase;
			buildActionMask = 2147483647;
			files = (
				12C59F4C28D83FD200B3C9DC /* Preview Assets.xcassets in Resources */,
				12C59F4928D83FD200B3C9DC /* Assets.xcassets in Resources */,
			);
			runOnlyForDeploymentPostprocessing = 0;
		};
		12C59F4F28D83FD200B3C9DC /* Resources */ = {
			isa = PBXResourcesBuildPhase;
			buildActionMask = 2147483647;
			files = (
			);
			runOnlyForDeploymentPostprocessing = 0;
		};
		12C59F5928D83FD200B3C9DC /* Resources */ = {
			isa = PBXResourcesBuildPhase;
			buildActionMask = 2147483647;
			files = (
			);
			runOnlyForDeploymentPostprocessing = 0;
		};
/* End PBXResourcesBuildPhase section */

/* Begin PBXSourcesBuildPhase section */
		12C59F3D28D83FD100B3C9DC /* Sources */ = {
			isa = PBXSourcesBuildPhase;
			buildActionMask = 2147483647;
			files = (
				12C59F4728D83FD100B3C9DC /* ContentView.swift in Sources */,
				12C59F4528D83FD100B3C9DC /* DemoApp.swift in Sources */,
			);
			runOnlyForDeploymentPostprocessing = 0;
		};
		12C59F4D28D83FD200B3C9DC /* Sources */ = {
			isa = PBXSourcesBuildPhase;
			buildActionMask = 2147483647;
			files = (
				12C59F5628D83FD200B3C9DC /* DemoTests.swift in Sources */,
			);
			runOnlyForDeploymentPostprocessing = 0;
		};
		12C59F5728D83FD200B3C9DC /* Sources */ = {
			isa = PBXSourcesBuildPhase;
			buildActionMask = 2147483647;
			files = (
				12C59F6028D83FD200B3C9DC /* DemoUITests.swift in Sources */,
				12C59F6228D83FD200B3C9DC /* DemoUITestsLaunchTests.swift in Sources */,
			);
			runOnlyForDeploymentPostprocessing = 0;
		};
/* End PBXSourcesBuildPhase section */

/* Begin PBXTargetDependency section */
		12C59F5328D83FD200B3C9DC /* PBXTargetDependency */ = {
			isa = PBXTargetDependency;
			target = 12C59F4028D83FD100B3C9DC /* Demo */;
			targetProxy = 12C59F5228D83FD200B3C9DC /* PBXContainerItemProxy */;
		};
		12C59F5D28D83FD200B3C9DC /* PBXTargetDependency */ = {
			isa = PBXTargetDependency;
			target = 12C59F4028D83FD100B3C9DC /* Demo */;
			targetProxy = 12C59F5C28D83FD200B3C9DC /* PBXContainerItemProxy */;
		};
/* End PBXTargetDependency section */

/* Begin XCBuildConfiguration section */
		12C59F6328D83FD200B3C9DC /* Debug */ = {
			isa = XCBuildConfiguration;
			buildSettings = {
				ALWAYS_SEARCH_USER_PATHS = NO;
				CLANG_ANALYZER_NONNULL = YES;
				CLANG_ANALYZER_NUMBER_OBJECT_CONVERSION = YES_AGGRESSIVE;
				CLANG_CXX_LANGUAGE_STANDARD = "gnu++20";
				CLANG_ENABLE_MODULES = YES;
				CLANG_ENABLE_OBJC_ARC = YES;
				CLANG_ENABLE_OBJC_WEAK = YES;
				CLANG_WARN_BLOCK_CAPTURE_AUTORELEASING = YES;
				CLANG_WARN_BOOL_CONVERSION = YES;
				CLANG_WARN_COMMA = YES;
				CLANG_WARN_CONSTANT_CONVERSION = YES;
				CLANG_WARN_DEPRECATED_OBJC_IMPLEMENTATIONS = YES;
				CLANG_WARN_DIRECT_OBJC_ISA_USAGE = YES_ERROR;
				CLANG_WARN_DOCUMENTATION_COMMENTS = YES;
				CLANG_WARN_EMPTY_BODY = YES;
				CLANG_WARN_ENUM_CONVERSION = YES;
				CLANG_WARN_INFINITE_RECURSION = YES;
				CLANG_WARN_INT_CONVERSION = YES;
				CLANG_WARN_NON_LITERAL_NULL_CONVERSION = YES;
				CLANG_WARN_OBJC_IMPLICIT_RETAIN_SELF = YES;
				CLANG_WARN_OBJC_LITERAL_CONVERSION = YES;
				CLANG_WARN_OBJC_ROOT_CLASS = YES_ERROR;
				CLANG_WARN_QUOTED_INCLUDE_IN_FRAMEWORK_HEADER = YES;
				CLANG_WARN_RANGE_LOOP_ANALYSIS = YES;
				CLANG_WARN_STRICT_PROTOTYPES = YES;
				CLANG_WARN_SUSPICIOUS_MOVE = YES;
				CLANG_WARN_UNGUARDED_AVAILABILITY = YES_AGGRESSIVE;
				CLANG_WARN_UNREACHABLE_CODE = YES;
				CLANG_WARN__DUPLICATE_METHOD_MATCH = YES;
				COPY_PHASE_STRIP = NO;
				DEBUG_INFORMATION_FORMAT = dwarf;
				ENABLE_STRICT_OBJC_MSGSEND = YES;
				ENABLE_TESTABILITY = YES;
				GCC_C_LANGUAGE_STANDARD = gnu11;
				GCC_DYNAMIC_NO_PIC = NO;
				GCC_NO_COMMON_BLOCKS = YES;
				GCC_OPTIMIZATION_LEVEL = 0;
				GCC_PREPROCESSOR_DEFINITIONS = (
					"DEBUG=1",
					"$(inherited)",
				);
				GCC_WARN_64_TO_32_BIT_CONVERSION = YES;
				GCC_WARN_ABOUT_RETURN_TYPE = YES_ERROR;
				GCC_WARN_UNDECLARED_SELECTOR = YES;
				GCC_WARN_UNINITIALIZED_AUTOS = YES_AGGRESSIVE;
				GCC_WARN_UNUSED_FUNCTION = YES;
				GCC_WARN_UNUSED_VARIABLE = YES;
				IPHONEOS_DEPLOYMENT_TARGET = 16.0;
				MTL_ENABLE_DEBUG_INFO = INCLUDE_SOURCE;
				MTL_FAST_MATH = YES;
				ONLY_ACTIVE_ARCH = YES;
				SDKROOT = iphoneos;
				SWIFT_ACTIVE_COMPILATION_CONDITIONS = DEBUG;
				SWIFT_OPTIMIZATION_LEVEL = "-Onone";
			};
			name = Debug;
		};
		12C59F6428D83FD200B3C9DC /* Release */ = {
			isa = XCBuildConfiguration;
			buildSettings = {
				ALWAYS_SEARCH_USER_PATHS = NO;
				CLANG_ANALYZER_NONNULL = YES;
				CLANG_ANALYZER_NUMBER_OBJECT_CONVERSION = YES_AGGRESSIVE;
				CLANG_CXX_LANGUAGE_STANDARD = "gnu++20";
				CLANG_ENABLE_MODULES = YES;
				CLANG_ENABLE_OBJC_ARC = YES;
				CLANG_ENABLE_OBJC_WEAK = YES;
				CLANG_WARN_BLOCK_CAPTURE_AUTORELEASING = YES;
				CLANG_WARN_BOOL_CONVERSION = YES;
				CLANG_WARN_COMMA = YES;
				CLANG_WARN_CONSTANT_CONVERSION = YES;
				CLANG_WARN_DEPRECATED_OBJC_IMPLEMENTATIONS = YES;
				CLANG_WARN_DIRECT_OBJC_ISA_USAGE = YES_ERROR;
				CLANG_WARN_DOCUMENTATION_COMMENTS = YES;
				CLANG_WARN_EMPTY_BODY = YES;
				CLANG_WARN_ENUM_CONVERSION = YES;
				CLANG_WARN_INFINITE_RECURSION = YES;
				CLANG_WARN_INT_CONVERSION = YES;
				CLANG_WARN_NON_LITERAL_NULL_CONVERSION = YES;
				CLANG_WARN_OBJC_IMPLICIT_RETAIN_SELF = YES;
				CLANG_WARN_OBJC_LITERAL_CONVERSION = YES;
				CLANG_WARN_OBJC_ROOT_CLASS = YES_ERROR;
				CLANG_WARN_QUOTED_INCLUDE_IN_FRAMEWORK_HEADER = YES;
				CLANG_WARN_RANGE_LOOP_ANALYSIS = YES;
				CLANG_WARN_STRICT_PROTOTYPES = YES;
				CLANG_WARN_SUSPICIOUS_MOVE = YES;
				CLANG_WARN_UNGUARDED_AVAILABILITY = YES_AGGRESSIVE;
				CLANG_WARN_UNREACHABLE_CODE = YES;
				CLANG_WARN__DUPLICATE_METHOD_MATCH = YES;
				COPY_PHASE_STRIP = NO;
				DEBUG_INFORMATION_FORMAT = "dwarf-with-dsym";
				ENABLE_NS_ASSERTIONS = NO;
				ENABLE_STRICT_OBJC_MSGSEND = YES;
				GCC_C_LANGUAGE_STANDARD = gnu11;
				GCC_NO_COMMON_BLOCKS = YES;
				GCC_WARN_64_TO_32_BIT_CONVERSION = YES;
				GCC_WARN_ABOUT_RETURN_TYPE = YES_ERROR;
				GCC_WARN_UNDECLARED_SELECTOR = YES;
				GCC_WARN_UNINITIALIZED_AUTOS = YES_AGGRESSIVE;
				GCC_WARN_UNUSED_FUNCTION = YES;
				GCC_WARN_UNUSED_VARIABLE = YES;
				IPHONEOS_DEPLOYMENT_TARGET = 16.0;
				MTL_ENABLE_DEBUG_INFO = NO;
				MTL_FAST_MATH = YES;
				SDKROOT = iphoneos;
				SWIFT_COMPILATION_MODE = wholemodule;
				SWIFT_OPTIMIZATION_LEVEL = "-O";
				VALIDATE_PRODUCT = YES;
			};
			name = Release;
		};
		12C59F6628D83FD200B3C9DC /* Debug */ = {
			isa = XCBuildConfiguration;
			buildSettings = {
				ASSETCATALOG_COMPILER_APPICON_NAME = AppIcon;
				ASSETCATALOG_COMPILER_GLOBAL_ACCENT_COLOR_NAME = AccentColor;
				CODE_SIGN_STYLE = Automatic;
				CURRENT_PROJECT_VERSION = 1;
				DEVELOPMENT_ASSET_PATHS = "\"Demo/Preview Content\"";
				DEVELOPMENT_TEAM = 88ACA86N96;
				ENABLE_PREVIEWS = YES;
				GENERATE_INFOPLIST_FILE = YES;
				INFOPLIST_KEY_UIApplicationSceneManifest_Generation = YES;
				INFOPLIST_KEY_UIApplicationSupportsIndirectInputEvents = YES;
				INFOPLIST_KEY_UILaunchScreen_Generation = YES;
				INFOPLIST_KEY_UISupportedInterfaceOrientations_iPad = "UIInterfaceOrientationPortrait UIInterfaceOrientationPortraitUpsideDown UIInterfaceOrientationLandscapeLeft UIInterfaceOrientationLandscapeRight";
				INFOPLIST_KEY_UISupportedInterfaceOrientations_iPhone = "UIInterfaceOrientationPortrait UIInterfaceOrientationLandscapeLeft UIInterfaceOrientationLandscapeRight";
				LD_RUNPATH_SEARCH_PATHS = (
					"$(inherited)",
					"@executable_path/Frameworks",
				);
				MARKETING_VERSION = 1.0;
				PRODUCT_BUNDLE_IDENTIFIER = "-amageek.Demo";
				PRODUCT_NAME = "$(TARGET_NAME)";
				SWIFT_EMIT_LOC_STRINGS = YES;
				SWIFT_VERSION = 5.0;
				TARGETED_DEVICE_FAMILY = "1,2";
			};
			name = Debug;
		};
		12C59F6728D83FD200B3C9DC /* Release */ = {
			isa = XCBuildConfiguration;
			buildSettings = {
				ASSETCATALOG_COMPILER_APPICON_NAME = AppIcon;
				ASSETCATALOG_COMPILER_GLOBAL_ACCENT_COLOR_NAME = AccentColor;
				CODE_SIGN_STYLE = Automatic;
				CURRENT_PROJECT_VERSION = 1;
				DEVELOPMENT_ASSET_PATHS = "\"Demo/Preview Content\"";
				DEVELOPMENT_TEAM = 88ACA86N96;
				ENABLE_PREVIEWS = YES;
				GENERATE_INFOPLIST_FILE = YES;
				INFOPLIST_KEY_UIApplicationSceneManifest_Generation = YES;
				INFOPLIST_KEY_UIApplicationSupportsIndirectInputEvents = YES;
				INFOPLIST_KEY_UILaunchScreen_Generation = YES;
				INFOPLIST_KEY_UISupportedInterfaceOrientations_iPad = "UIInterfaceOrientationPortrait UIInterfaceOrientationPortraitUpsideDown UIInterfaceOrientationLandscapeLeft UIInterfaceOrientationLandscapeRight";
				INFOPLIST_KEY_UISupportedInterfaceOrientations_iPhone = "UIInterfaceOrientationPortrait UIInterfaceOrientationLandscapeLeft UIInterfaceOrientationLandscapeRight";
				LD_RUNPATH_SEARCH_PATHS = (
					"$(inherited)",
					"@executable_path/Frameworks",
				);
				MARKETING_VERSION = 1.0;
				PRODUCT_BUNDLE_IDENTIFIER = "-amageek.Demo";
				PRODUCT_NAME = "$(TARGET_NAME)";
				SWIFT_EMIT_LOC_STRINGS = YES;
				SWIFT_VERSION = 5.0;
				TARGETED_DEVICE_FAMILY = "1,2";
			};
			name = Release;
		};
		12C59F6928D83FD200B3C9DC /* Debug */ = {
			isa = XCBuildConfiguration;
			buildSettings = {
				ALWAYS_EMBED_SWIFT_STANDARD_LIBRARIES = YES;
				BUNDLE_LOADER = "$(TEST_HOST)";
				CODE_SIGN_STYLE = Automatic;
				CURRENT_PROJECT_VERSION = 1;
				DEVELOPMENT_TEAM = 88ACA86N96;
				GENERATE_INFOPLIST_FILE = YES;
				IPHONEOS_DEPLOYMENT_TARGET = 16.0;
				MARKETING_VERSION = 1.0;
				PRODUCT_BUNDLE_IDENTIFIER = "-amageek.DemoTests";
				PRODUCT_NAME = "$(TARGET_NAME)";
				SWIFT_EMIT_LOC_STRINGS = NO;
				SWIFT_VERSION = 5.0;
				TARGETED_DEVICE_FAMILY = "1,2";
				TEST_HOST = "$(BUILT_PRODUCTS_DIR)/Demo.app/$(BUNDLE_EXECUTABLE_FOLDER_PATH)/Demo";
			};
			name = Debug;
		};
		12C59F6A28D83FD200B3C9DC /* Release */ = {
			isa = XCBuildConfiguration;
			buildSettings = {
				ALWAYS_EMBED_SWIFT_STANDARD_LIBRARIES = YES;
				BUNDLE_LOADER = "$(TEST_HOST)";
				CODE_SIGN_STYLE = Automatic;
				CURRENT_PROJECT_VERSION = 1;
				DEVELOPMENT_TEAM = 88ACA86N96;
				GENERATE_INFOPLIST_FILE = YES;
				IPHONEOS_DEPLOYMENT_TARGET = 16.0;
				MARKETING_VERSION = 1.0;
				PRODUCT_BUNDLE_IDENTIFIER = "-amageek.DemoTests";
				PRODUCT_NAME = "$(TARGET_NAME)";
				SWIFT_EMIT_LOC_STRINGS = NO;
				SWIFT_VERSION = 5.0;
				TARGETED_DEVICE_FAMILY = "1,2";
				TEST_HOST = "$(BUILT_PRODUCTS_DIR)/Demo.app/$(BUNDLE_EXECUTABLE_FOLDER_PATH)/Demo";
			};
			name = Release;
		};
		12C59F6C28D83FD200B3C9DC /* Debug */ = {
			isa = XCBuildConfiguration;
			buildSettings = {
				ALWAYS_EMBED_SWIFT_STANDARD_LIBRARIES = YES;
				CODE_SIGN_STYLE = Automatic;
				CURRENT_PROJECT_VERSION = 1;
				DEVELOPMENT_TEAM = 88ACA86N96;
				GENERATE_INFOPLIST_FILE = YES;
				MARKETING_VERSION = 1.0;
				PRODUCT_BUNDLE_IDENTIFIER = "-amageek.DemoUITests";
				PRODUCT_NAME = "$(TARGET_NAME)";
				SWIFT_EMIT_LOC_STRINGS = NO;
				SWIFT_VERSION = 5.0;
				TARGETED_DEVICE_FAMILY = "1,2";
				TEST_TARGET_NAME = Demo;
			};
			name = Debug;
		};
		12C59F6D28D83FD200B3C9DC /* Release */ = {
			isa = XCBuildConfiguration;
			buildSettings = {
				ALWAYS_EMBED_SWIFT_STANDARD_LIBRARIES = YES;
				CODE_SIGN_STYLE = Automatic;
				CURRENT_PROJECT_VERSION = 1;
				DEVELOPMENT_TEAM = 88ACA86N96;
				GENERATE_INFOPLIST_FILE = YES;
				MARKETING_VERSION = 1.0;
				PRODUCT_BUNDLE_IDENTIFIER = "-amageek.DemoUITests";
				PRODUCT_NAME = "$(TARGET_NAME)";
				SWIFT_EMIT_LOC_STRINGS = NO;
				SWIFT_VERSION = 5.0;
				TARGETED_DEVICE_FAMILY = "1,2";
				TEST_TARGET_NAME = Demo;
			};
			name = Release;
		};
/* End XCBuildConfiguration section */

/* Begin XCConfigurationList section */
		12C59F3C28D83FD100B3C9DC /* Build configuration list for PBXProject "Demo" */ = {
			isa = XCConfigurationList;
			buildConfigurations = (
				12C59F6328D83FD200B3C9DC /* Debug */,
				12C59F6428D83FD200B3C9DC /* Release */,
			);
			defaultConfigurationIsVisible = 0;
			defaultConfigurationName = Release;
		};
		12C59F6528D83FD200B3C9DC /* Build configuration list for PBXNativeTarget "Demo" */ = {
			isa = XCConfigurationList;
			buildConfigurations = (
				12C59F6628D83FD200B3C9DC /* Debug */,
				12C59F6728D83FD200B3C9DC /* Release */,
			);
			defaultConfigurationIsVisible = 0;
			defaultConfigurationName = Release;
		};
		12C59F6828D83FD200B3C9DC /* Build configuration list for PBXNativeTarget "DemoTests" */ = {
			isa = XCConfigurationList;
			buildConfigurations = (
				12C59F6928D83FD200B3C9DC /* Debug */,
				12C59F6A28D83FD200B3C9DC /* Release */,
			);
			defaultConfigurationIsVisible = 0;
			defaultConfigurationName = Release;
		};
		12C59F6B28D83FD200B3C9DC /* Build configuration list for PBXNativeTarget "DemoUITests" */ = {
			isa = XCConfigurationList;
			buildConfigurations = (
				12C59F6C28D83FD200B3C9DC /* Debug */,
				12C59F6D28D83FD200B3C9DC /* Release */,
			);
			defaultConfigurationIsVisible = 0;
			defaultConfigurationName = Release;
		};
/* End XCConfigurationList section */

/* Begin XCSwiftPackageProductDependency section */
		12C59F6F28D8405C00B3C9DC /* CalendarUI */ = {
			isa = XCSwiftPackageProductDependency;
			productName = CalendarUI;
		};
/* End XCSwiftPackageProductDependency section */
	};
	rootObject = 12C59F3928D83FD100B3C9DC /* Project object */;
}
